
Microsoft Visual Studio Solution File, Format Version 10.00
# Visual Studio 2008
Project("{FAE04EC0-301F-11D3-BF4B-00C04F79EFBC}") = "DatebookPrototype", "DatebookPrototype\DatebookPrototype.csproj", "{C716056D-1256-423C-8BFD-43AEF871542A}"
EndProject
Project("{FAE04EC0-301F-11D3-BF4B-00C04F79EFBC}") = "DatebookPrototypeScreens", "DatebookPrototype\DatebookPrototypeScreens\DatebookPrototypeScreens.csproj", "{7398452E-1CA1-4EAD-BD40-2E26167D563C}"
EndProject
Global
	GlobalSection(SolutionConfigurationPlatforms) = preSolution
		Debug|Any CPU = Debug|Any CPU
		Release|Any CPU = Release|Any CPU
	EndGlobalSection
	GlobalSection(ProjectConfigurationPlatforms) = postSolution
		{C716056D-1256-423C-8BFD-43AEF871542A}.Debug|Any CPU.ActiveCfg = Debug|Any CPU
		{C716056D-1256-423C-8BFD-43AEF871542A}.Debug|Any CPU.Build.0 = Debug|Any CPU
		{C716056D-1256-423C-8BFD-43AEF871542A}.Release|Any CPU.ActiveCfg = Release|Any CPU
		{C716056D-1256-423C-8BFD-43AEF871542A}.Release|Any CPU.Build.0 = Release|Any CPU
		{7398452E-1CA1-4EAD-BD40-2E26167D563C}.Debug|Any CPU.ActiveCfg = Debug|Any CPU
		{7398452E-1CA1-4EAD-BD40-2E26167D563C}.Debug|Any CPU.Build.0 = Debug|Any CPU
		{7398452E-1CA1-4EAD-BD40-2E26167D563C}.Release|Any CPU.ActiveCfg = Release|Any CPU
		{7398452E-1CA1-4EAD-BD40-2E26167D563C}.Release|Any CPU.Build.0 = Release|Any CPU
	EndGlobalSection
EndGlobal
